// !$*UTF8*$!
{
	archiveVersion = 1;
	classes = {
	};
	objectVersion = 46;
	objects = {

/* Begin PBXBuildFile section */
		7050FD12E1EEF13789589FF8 /* libPods-Estimote.a in Frameworks */ = {isa = PBXBuildFile; fileRef = 97F2FD77A25B1322622D1946 /* libPods-Estimote.a */; };
		74482D231AC6EC2F001189B9 /* main.m in Sources */ = {isa = PBXBuildFile; fileRef = 74482D221AC6EC2F001189B9 /* main.m */; };
		74482D261AC6EC2F001189B9 /* AppDelegate.m in Sources */ = {isa = PBXBuildFile; fileRef = 74482D251AC6EC2F001189B9 /* AppDelegate.m */; };
		74482D2C1AC6EC2F001189B9 /* Main.storyboard in Resources */ = {isa = PBXBuildFile; fileRef = 74482D2A1AC6EC2F001189B9 /* Main.storyboard */; };
		74482D2E1AC6EC2F001189B9 /* Images.xcassets in Resources */ = {isa = PBXBuildFile; fileRef = 74482D2D1AC6EC2F001189B9 /* Images.xcassets */; };
		74482D311AC6EC2F001189B9 /* LaunchScreen.xib in Resources */ = {isa = PBXBuildFile; fileRef = 74482D2F1AC6EC2F001189B9 /* LaunchScreen.xib */; };
/* End PBXBuildFile section */

/* Begin PBXFileReference section */
		74482D1D1AC6EC2F001189B9 /* Estimote.app */ = {isa = PBXFileReference; explicitFileType = wrapper.application; includeInIndex = 0; path = Estimote.app; sourceTree = BUILT_PRODUCTS_DIR; };
		74482D211AC6EC2F001189B9 /* Info.plist */ = {isa = PBXFileReference; lastKnownFileType = text.plist.xml; path = Info.plist; sourceTree = "<group>"; };
		74482D221AC6EC2F001189B9 /* main.m */ = {isa = PBXFileReference; lastKnownFileType = sourcecode.c.objc; path = main.m; sourceTree = "<group>"; };
		74482D241AC6EC2F001189B9 /* AppDelegate.h */ = {isa = PBXFileReference; lastKnownFileType = sourcecode.c.h; path = AppDelegate.h; sourceTree = "<group>"; };
		74482D251AC6EC2F001189B9 /* AppDelegate.m */ = {isa = PBXFileReference; lastKnownFileType = sourcecode.c.objc; path = AppDelegate.m; sourceTree = "<group>"; };
		74482D2B1AC6EC2F001189B9 /* Base */ = {isa = PBXFileReference; lastKnownFileType = file.storyboard; name = Base; path = Base.lproj/Main.storyboard; sourceTree = "<group>"; };
		74482D2D1AC6EC2F001189B9 /* Images.xcassets */ = {isa = PBXFileReference; lastKnownFileType = folder.assetcatalog; path = Images.xcassets; sourceTree = "<group>"; };
		74482D301AC6EC2F001189B9 /* Base */ = {isa = PBXFileReference; lastKnownFileType = file.xib; name = Base; path = Base.lproj/LaunchScreen.xib; sourceTree = "<group>"; };
		97F2FD77A25B1322622D1946 /* libPods-Estimote.a */ = {isa = PBXFileReference; explicitFileType = archive.ar; includeInIndex = 0; path = "libPods-Estimote.a"; sourceTree = BUILT_PRODUCTS_DIR; };
		C2FE522441B687482F27A968 /* Pods-Estimote.debug.xcconfig */ = {isa = PBXFileReference; includeInIndex = 1; lastKnownFileType = text.xcconfig; name = "Pods-Estimote.debug.xcconfig"; path = "Pods/Target Support Files/Pods-Estimote/Pods-Estimote.debug.xcconfig"; sourceTree = "<group>"; };
		F787933A296BB6CA1FB9AE9A /* Pods-Estimote.release.xcconfig */ = {isa = PBXFileReference; includeInIndex = 1; lastKnownFileType = text.xcconfig; name = "Pods-Estimote.release.xcconfig"; path = "Pods/Target Support Files/Pods-Estimote/Pods-Estimote.release.xcconfig"; sourceTree = "<group>"; };
/* End PBXFileReference section */

/* Begin PBXFrameworksBuildPhase section */
		74482D1A1AC6EC2F001189B9 /* Frameworks */ = {
			isa = PBXFrameworksBuildPhase;
			buildActionMask = 2147483647;
			files = (
				7050FD12E1EEF13789589FF8 /* libPods-Estimote.a in Frameworks */,
			);
			runOnlyForDeploymentPostprocessing = 0;
		};
/* End PBXFrameworksBuildPhase section */

/* Begin PBXGroup section */
		0B9F9801CBD18605295EC2A3 /* Frameworks */ = {
			isa = PBXGroup;
			children = (
				97F2FD77A25B1322622D1946 /* libPods-Estimote.a */,
			);
			name = Frameworks;
			sourceTree = "<group>";
		};
		74482D141AC6EC2F001189B9 = {
			isa = PBXGroup;
			children = (
				74482D1F1AC6EC2F001189B9 /* Estimote */,
				74482D1E1AC6EC2F001189B9 /* Products */,
				9E60B2AD8C0EE88C6B5EF4A5 /* Pods */,
				0B9F9801CBD18605295EC2A3 /* Frameworks */,
			);
			sourceTree = "<group>";
		};
		74482D1E1AC6EC2F001189B9 /* Products */ = {
			isa = PBXGroup;
			children = (
				74482D1D1AC6EC2F001189B9 /* Estimote.app */,
			);
			name = Products;
			sourceTree = "<group>";
		};
		74482D1F1AC6EC2F001189B9 /* Estimote */ = {
			isa = PBXGroup;
			children = (
				74482D241AC6EC2F001189B9 /* AppDelegate.h */,
				74482D251AC6EC2F001189B9 /* AppDelegate.m */,
				74482D2A1AC6EC2F001189B9 /* Main.storyboard */,
				74482D2D1AC6EC2F001189B9 /* Images.xcassets */,
				74482D2F1AC6EC2F001189B9 /* LaunchScreen.xib */,
				74482D201AC6EC2F001189B9 /* Supporting Files */,
			);
			path = Estimote;
			sourceTree = "<group>";
		};
		74482D201AC6EC2F001189B9 /* Supporting Files */ = {
			isa = PBXGroup;
			children = (
				74482D211AC6EC2F001189B9 /* Info.plist */,
				74482D221AC6EC2F001189B9 /* main.m */,
			);
			name = "Supporting Files";
			sourceTree = "<group>";
		};
		9E60B2AD8C0EE88C6B5EF4A5 /* Pods */ = {
			isa = PBXGroup;
			children = (
				C2FE522441B687482F27A968 /* Pods-Estimote.debug.xcconfig */,
				F787933A296BB6CA1FB9AE9A /* Pods-Estimote.release.xcconfig */,
			);
			name = Pods;
			sourceTree = "<group>";
		};
/* End PBXGroup section */

/* Begin PBXNativeTarget section */
		74482D1C1AC6EC2F001189B9 /* Estimote */ = {
			isa = PBXNativeTarget;
			buildConfigurationList = 74482D401AC6EC30001189B9 /* Build configuration list for PBXNativeTarget "Estimote" */;
			buildPhases = (
				6583CE1030DB251443DB075C /* Check Pods Manifest.lock */,
				74482D191AC6EC2F001189B9 /* Sources */,
				74482D1A1AC6EC2F001189B9 /* Frameworks */,
				74482D1B1AC6EC2F001189B9 /* Resources */,
				D02EF8EC75B35954D9575111 /* Copy Pods Resources */,
			);
			buildRules = (
			);
			dependencies = (
			);
			name = Estimote;
			productName = Estimote;
			productReference = 74482D1D1AC6EC2F001189B9 /* Estimote.app */;
			productType = "com.apple.product-type.application";
		};
/* End PBXNativeTarget section */

/* Begin PBXProject section */
		74482D151AC6EC2F001189B9 /* Project object */ = {
			isa = PBXProject;
			attributes = {
				LastUpgradeCheck = 0620;
				ORGANIZATIONNAME = "Yuriy Berdnikov";
				TargetAttributes = {
					74482D1C1AC6EC2F001189B9 = {
						CreatedOnToolsVersion = 6.2;
					};
				};
			};
			buildConfigurationList = 74482D181AC6EC2F001189B9 /* Build configuration list for PBXProject "Estimote" */;
			compatibilityVersion = "Xcode 3.2";
			developmentRegion = English;
			hasScannedForEncodings = 0;
			knownRegions = (
				en,
				Base,
			);
			mainGroup = 74482D141AC6EC2F001189B9;
			productRefGroup = 74482D1E1AC6EC2F001189B9 /* Products */;
			projectDirPath = "";
			projectRoot = "";
			targets = (
				74482D1C1AC6EC2F001189B9 /* Estimote */,
			);
		};
/* End PBXProject section */

/* Begin PBXResourcesBuildPhase section */
		74482D1B1AC6EC2F001189B9 /* Resources */ = {
			isa = PBXResourcesBuildPhase;
			buildActionMask = 2147483647;
			files = (
				74482D2C1AC6EC2F001189B9 /* Main.storyboard in Resources */,
				74482D311AC6EC2F001189B9 /* LaunchScreen.xib in Resources */,
				74482D2E1AC6EC2F001189B9 /* Images.xcassets in Resources */,
			);
			runOnlyForDeploymentPostprocessing = 0;
		};
/* End PBXResourcesBuildPhase section */

/* Begin PBXShellScriptBuildPhase section */
		6583CE1030DB251443DB075C /* Check Pods Manifest.lock */ = {
			isa = PBXShellScriptBuildPhase;
			buildActionMask = 2147483647;
			files = (
			);
			inputPaths = (
			);
			name = "Check Pods Manifest.lock";
			outputPaths = (
			);
			runOnlyForDeploymentPostprocessing = 0;
			shellPath = /bin/sh;
			shellScript = "diff \"${PODS_ROOT}/../Podfile.lock\" \"${PODS_ROOT}/Manifest.lock\" > /dev/null\nif [[ $? != 0 ]] ; then\n    cat << EOM\nerror: The sandbox is not in sync with the Podfile.lock. Run 'pod install' or update your CocoaPods installation.\nEOM\n    exit 1\nfi\n";
			showEnvVarsInLog = 0;
		};
		D02EF8EC75B35954D9575111 /* Copy Pods Resources */ = {
			isa = PBXShellScriptBuildPhase;
			buildActionMask = 2147483647;
			files = (
			);
			inputPaths = (
			);
			name = "Copy Pods Resources";
			outputPaths = (
			);
			runOnlyForDeploymentPostprocessing = 0;
			shellPath = /bin/sh;
			shellScript = "\"${SRCROOT}/Pods/Target Support Files/Pods-Estimote/Pods-Estimote-resources.sh\"\n";
			showEnvVarsInLog = 0;
		};
/* End PBXShellScriptBuildPhase section */

/* Begin PBXSourcesBuildPhase section */
		74482D191AC6EC2F001189B9 /* Sources */ = {
			isa = PBXSourcesBuildPhase;
			buildActionMask = 2147483647;
			files = (
				74482D261AC6EC2F001189B9 /* AppDelegate.m in Sources */,
				74482D231AC6EC2F001189B9 /* main.m in Sources */,
			);
			runOnlyForDeploymentPostprocessing = 0;
		};
/* End PBXSourcesBuildPhase section */

/* Begin PBXVariantGroup section */
		74482D2A1AC6EC2F001189B9 /* Main.storyboard */ = {
			isa = PBXVariantGroup;
			children = (
				74482D2B1AC6EC2F001189B9 /* Base */,
			);
			name = Main.storyboard;
			sourceTree = "<group>";
		};
		74482D2F1AC6EC2F001189B9 /* LaunchScreen.xib */ = {
			isa = PBXVariantGroup;
			children = (
				74482D301AC6EC2F001189B9 /* Base */,
			);
			name = LaunchScreen.xib;
			sourceTree = "<group>";
		};
/* End PBXVariantGroup section */

/* Begin XCBuildConfiguration section */
		74482D3E1AC6EC30001189B9 /* Debug */ = {
			isa = XCBuildConfiguration;
			buildSettings = {
				ALWAYS_SEARCH_USER_PATHS = NO;
				CLANG_CXX_LANGUAGE_STANDARD = "gnu++0x";
				CLANG_CXX_LIBRARY = "libc++";
				CLANG_ENABLE_MODULES = YES;
				CLANG_ENABLE_OBJC_ARC = YES;
				CLANG_WARN_BOOL_CONVERSION = YES;
				CLANG_WARN_CONSTANT_CONVERSION = YES;
				CLANG_WARN_DIRECT_OBJC_ISA_USAGE = YES_ERROR;
				CLANG_WARN_EMPTY_BODY = YES;
				CLANG_WARN_ENUM_CONVERSION = YES;
				CLANG_WARN_INT_CONVERSION = YES;
				CLANG_WARN_OBJC_ROOT_CLASS = YES_ERROR;
				CLANG_WARN_UNREACHABLE_CODE = YES;
				CLANG_WARN__DUPLICATE_METHOD_MATCH = YES;
				"CODE_SIGN_IDENTITY[sdk=iphoneos*]" = "iPhone Developer";
				COPY_PHASE_STRIP = NO;
				ENABLE_STRICT_OBJC_MSGSEND = YES;
				GCC_C_LANGUAGE_STANDARD = gnu99;
				GCC_DYNAMIC_NO_PIC = NO;
				GCC_OPTIMIZATION_LEVEL = 0;
				GCC_PREPROCESSOR_DEFINITIONS = (
					"DEBUG=1",
					"$(inherited)",
				);
				GCC_SYMBOLS_PRIVATE_EXTERN = NO;
				GCC_WARN_64_TO_32_BIT_CONVERSION = YES;
				GCC_WARN_ABOUT_RETURN_TYPE = YES_ERROR;
				GCC_WARN_UNDECLARED_SELECTOR = YES;
				GCC_WARN_UNINITIALIZED_AUTOS = YES_AGGRESSIVE;
				GCC_WARN_UNUSED_FUNCTION = YES;
				GCC_WARN_UNUSED_VARIABLE = YES;
				IPHONEOS_DEPLOYMENT_TARGET = 8.2;
				MTL_ENABLE_DEBUG_INFO = YES;
				ONLY_ACTIVE_ARCH = YES;
				SDKROOT = iphoneos;
			};
			name = Debug;
		};
		74482D3F1AC6EC30001189B9 /* Release */ = {
			isa = XCBuildConfiguration;
			buildSettings = {
				ALWAYS_SEARCH_USER_PATHS = NO;
				CLANG_CXX_LANGUAGE_STANDARD = "gnu++0x";
				CLANG_CXX_LIBRARY = "libc++";
				CLANG_ENABLE_MODULES = YES;
				CLANG_ENABLE_OBJC_ARC = YES;
				CLANG_WARN_BOOL_CONVERSION = YES;
				CLANG_WARN_CONSTANT_CONVERSION = YES;
				CLANG_WARN_DIRECT_OBJC_ISA_USAGE = YES_ERROR;
				CLANG_WARN_EMPTY_BODY = YES;
				CLANG_WARN_ENUM_CONVERSION = YES;
				CLANG_WARN_INT_CONVERSION = YES;
				CLANG_WARN_OBJC_ROOT_CLASS = YES_ERROR;
				CLANG_WARN_UNREACHABLE_CODE = YES;
				CLANG_WARN__DUPLICATE_METHOD_MATCH = YES;
				"CODE_SIGN_IDENTITY[sdk=iphoneos*]" = "iPhone Developer";
				COPY_PHASE_STRIP = NO;
				ENABLE_NS_ASSERTIONS = NO;
				ENABLE_STRICT_OBJC_MSGSEND = YES;
				GCC_C_LANGUAGE_STANDARD = gnu99;
				GCC_WARN_64_TO_32_BIT_CONVERSION = YES;
				GCC_WARN_ABOUT_RETURN_TYPE = YES_ERROR;
				GCC_WARN_UNDECLARED_SELECTOR = YES;
				GCC_WARN_UNINITIALIZED_AUTOS = YES_AGGRESSIVE;
				GCC_WARN_UNUSED_FUNCTION = YES;
				GCC_WARN_UNUSED_VARIABLE = YES;
				IPHONEOS_DEPLOYMENT_TARGET = 8.2;
				MTL_ENABLE_DEBUG_INFO = NO;
				SDKROOT = iphoneos;
				VALIDATE_PRODUCT = YES;
			};
			name = Release;
		};
		74482D411AC6EC30001189B9 /* Debug */ = {
			isa = XCBuildConfiguration;
			baseConfigurationReference = C2FE522441B687482F27A968 /* Pods-Estimote.debug.xcconfig */;
			buildSettings = {
				ASSETCATALOG_COMPILER_APPICON_NAME = AppIcon;
				INFOPLIST_FILE = Estimote/Info.plist;
				LD_RUNPATH_SEARCH_PATHS = "$(inherited) @executable_path/Frameworks";
				PRODUCT_NAME = "$(TARGET_NAME)";
			};
			name = Debug;
		};
		74482D421AC6EC30001189B9 /* Release */ = {
			isa = XCBuildConfiguration;
			baseConfigurationReference = F787933A296BB6CA1FB9AE9A /* Pods-Estimote.release.xcconfig */;
			buildSettings = {
				ASSETCATALOG_COMPILER_APPICON_NAME = AppIcon;
				INFOPLIST_FILE = Estimote/Info.plist;
				LD_RUNPATH_SEARCH_PATHS = "$(inherited) @executable_path/Frameworks";
				PRODUCT_NAME = "$(TARGET_NAME)";
			};
			name = Release;
		};
/* End XCBuildConfiguration section */

/* Begin XCConfigurationList section */
		74482D181AC6EC2F001189B9 /* Build configuration list for PBXProject "Estimote" */ = {
			isa = XCConfigurationList;
			buildConfigurations = (
				74482D3E1AC6EC30001189B9 /* Debug */,
				74482D3F1AC6EC30001189B9 /* Release */,
			);
			defaultConfigurationIsVisible = 0;
			defaultConfigurationName = Release;
		};
		74482D401AC6EC30001189B9 /* Build configuration list for PBXNativeTarget "Estimote" */ = {
			isa = XCConfigurationList;
			buildConfigurations = (
				74482D411AC6EC30001189B9 /* Debug */,
				74482D421AC6EC30001189B9 /* Release */,
			);
			defaultConfigurationIsVisible = 0;
			defaultConfigurationName = Release;
		};
/* End XCConfigurationList section */
	};
	rootObject = 74482D151AC6EC2F001189B9 /* Project object */;
}
